
Microsoft Visual Studio Solution File, Format Version 12.00
# Visual Studio Version 17
VisualStudioVersion = 17.3.32819.101
MinimumVisualStudioVersion = 10.0.40219.1
Project("{FAE04EC0-301F-11D3-BF4B-00C04F79EFBC}") = "BuberDinner.API", "BuberDinner.API\BuberDinner.API.csproj", "{7382FFE8-F4E3-461C-B38E-2917B105B5F1}"
EndProject
Project("{FAE04EC0-301F-11D3-BF4B-00C04F79EFBC}") = "BuberDinner.Contracts", "BuberDinner.Contracts\BuberDinner.Contracts.csproj", "{2BB07B1E-AD3F-4629-9EEF-0C54BB09790B}"
EndProject
Project("{FAE04EC0-301F-11D3-BF4B-00C04F79EFBC}") = "BuberDiner.Infrastructure", "BuberDiner.Infrastructure\BuberDiner.Infrastructure.csproj", "{C8E6E73C-A4D4-48A0-A538-3E48C9B6B557}"
EndProject
Project("{FAE04EC0-301F-11D3-BF4B-00C04F79EFBC}") = "BuberDiner.Application", "BuberDiner.Application\BuberDiner.Application.csproj", "{D9858A91-D198-4C71-A485-8A522EB6BD18}"
EndProject
Project("{FAE04EC0-301F-11D3-BF4B-00C04F79EFBC}") = "BuberDinner.Domain", "BuberDinner.Domain\BuberDinner.Domain.csproj", "{A96F79D9-9410-4066-9438-243DD1434EE7}"
EndProject
Global
	GlobalSection(SolutionConfigurationPlatforms) = preSolution
		Debug|Any CPU = Debug|Any CPU
		Release|Any CPU = Release|Any CPU
	EndGlobalSection
	GlobalSection(ProjectConfigurationPlatforms) = postSolution
		{7382FFE8-F4E3-461C-B38E-2917B105B5F1}.Debug|Any CPU.ActiveCfg = Debug|Any CPU
		{7382FFE8-F4E3-461C-B38E-2917B105B5F1}.Debug|Any CPU.Build.0 = Debug|Any CPU
		{7382FFE8-F4E3-461C-B38E-2917B105B5F1}.Release|Any CPU.ActiveCfg = Release|Any CPU
		{7382FFE8-F4E3-461C-B38E-2917B105B5F1}.Release|Any CPU.Build.0 = Release|Any CPU
		{2BB07B1E-AD3F-4629-9EEF-0C54BB09790B}.Debug|Any CPU.ActiveCfg = Debug|Any CPU
		{2BB07B1E-AD3F-4629-9EEF-0C54BB09790B}.Debug|Any CPU.Build.0 = Debug|Any CPU
		{2BB07B1E-AD3F-4629-9EEF-0C54BB09790B}.Release|Any CPU.ActiveCfg = Release|Any CPU
		{2BB07B1E-AD3F-4629-9EEF-0C54BB09790B}.Release|Any CPU.Build.0 = Release|Any CPU
		{C8E6E73C-A4D4-48A0-A538-3E48C9B6B557}.Debug|Any CPU.ActiveCfg = Debug|Any CPU
		{C8E6E73C-A4D4-48A0-A538-3E48C9B6B557}.Debug|Any CPU.Build.0 = Debug|Any CPU
		{C8E6E73C-A4D4-48A0-A538-3E48C9B6B557}.Release|Any CPU.ActiveCfg = Release|Any CPU
		{C8E6E73C-A4D4-48A0-A538-3E48C9B6B557}.Release|Any CPU.Build.0 = Release|Any CPU
		{D9858A91-D198-4C71-A485-8A522EB6BD18}.Debug|Any CPU.ActiveCfg = Debug|Any CPU
		{D9858A91-D198-4C71-A485-8A522EB6BD18}.Debug|Any CPU.Build.0 = Debug|Any CPU
		{D9858A91-D198-4C71-A485-8A522EB6BD18}.Release|Any CPU.ActiveCfg = Release|Any CPU
		{D9858A91-D198-4C71-A485-8A522EB6BD18}.Release|Any CPU.Build.0 = Release|Any CPU
		{A96F79D9-9410-4066-9438-243DD1434EE7}.Debug|Any CPU.ActiveCfg = Debug|Any CPU
		{A96F79D9-9410-4066-9438-243DD1434EE7}.Debug|Any CPU.Build.0 = Debug|Any CPU
		{A96F79D9-9410-4066-9438-243DD1434EE7}.Release|Any CPU.ActiveCfg = Release|Any CPU
		{A96F79D9-9410-4066-9438-243DD1434EE7}.Release|Any CPU.Build.0 = Release|Any CPU
	EndGlobalSection
	GlobalSection(SolutionProperties) = preSolution
		HideSolutionNode = FALSE
	EndGlobalSection
	GlobalSection(ExtensibilityGlobals) = postSolution
		SolutionGuid = {0A83C0EB-0716-4289-BAF7-65B603A2E96F}
	EndGlobalSection
EndGlobal
